
Microsoft Visual Studio Solution File, Format Version 12.00
# Visual Studio Version 17
VisualStudioVersion = 17.10.35027.167
MinimumVisualStudioVersion = 10.0.40219.1
Project("{FAE04EC0-301F-11D3-BF4B-00C04F79EFBC}") = "WebApplicationAJAXDEMO2", "WebApplicationAJAXDEMO2\WebApplicationAJAXDEMO2.csproj", "{DFED868D-6413-449A-9DAD-928C1195B74D}"
EndProject
Global
	GlobalSection(SolutionConfigurationPlatforms) = preSolution
		Debug|Any CPU = Debug|Any CPU
		Release|Any CPU = Release|Any CPU
	EndGlobalSection
	GlobalSection(ProjectConfigurationPlatforms) = postSolution
		{DFED868D-6413-449A-9DAD-928C1195B74D}.Debug|Any CPU.ActiveCfg = Debug|Any CPU
		{DFED868D-6413-449A-9DAD-928C1195B74D}.Debug|Any CPU.Build.0 = Debug|Any CPU
		{DFED868D-6413-449A-9DAD-928C1195B74D}.Release|Any CPU.ActiveCfg = Release|Any CPU
		{DFED868D-6413-449A-9DAD-928C1195B74D}.Release|Any CPU.Build.0 = Release|Any CPU
	EndGlobalSection
	GlobalSection(SolutionProperties) = preSolution
		HideSolutionNode = FALSE
	EndGlobalSection
	GlobalSection(ExtensibilityGlobals) = postSolution
		SolutionGuid = {D657264F-68A7-4B17-AA63-D658A8B7273D}
	EndGlobalSection
EndGlobal
